{
  "name": "media",
  "lockfileVersion": 3,
  "requires": true,
  "packages": {
    "": {
      "dependencies": {
        "codemirror": "^5.65.0",
        "sceditor": "^3.1.1"
      }
    },
    "node_modules/codemirror": {
      "version": "5.65.18",
      "resolved": "https://registry.npmjs.org/codemirror/-/codemirror-5.65.18.tgz",
      "integrity": "sha512-Gaz4gHnkbHMGgahNt3CA5HBk5lLQBqmD/pBgeB4kQU6OedZmqMBjlRF0LSrp2tJ4wlLNPm2FfaUd1pDy0mdlpA==",
      "license": "MIT"
    },
    "node_modules/dompurify": {
      "version": "2.5.7",
      "resolved": "https://registry.npmjs.org/dompurify/-/dompurify-2.5.7.tgz",
      "integrity": "sha512-2q4bEI+coQM8f5ez7kt2xclg1XsecaV9ASJk/54vwlfRRNQfDqJz2pzQ8t0Ix/ToBpXlVjrRIx7pFC/o8itG2Q==",
      "license": "(MPL-2.0 OR Apache-2.0)"
    },
    "node_modules/sceditor": {
      "version": "3.2.0",
      "resolved": "https://registry.npmjs.org/sceditor/-/sceditor-3.2.0.tgz",
      "integrity": "sha512-+gP7AcRQTku4Jq6iUn6UhucIHHZCFkSUXrPV/l+EOek4wiBjOuYmIKCDohPhJZKSwxRMpdR52xB3WlBakQR8kA==",
      "license": "MIT",
      "dependencies": {
        "dompurify": "^2.4.3"
      },
      "engines": {
        "node": ">= 0.10.0"
      }
    }
  }
}
