{
  "name": "media",
  "lockfileVersion": 3,
  "requires": true,
  "packages": {
    "": {
      "dependencies": {
        "codemirror": "^5.65.0",
        "sceditor": "^3.1.1"
      }
    },
    "node_modules/codemirror": {
      "version": "5.65.20",
      "resolved": "https://registry.npmjs.org/codemirror/-/codemirror-5.65.20.tgz",
      "integrity": "sha512-i5dLDDxwkFCbhjvL2pNjShsojoL3XHyDwsGv1jqETUoW+lzpBKKqNTUWgQwVAOa0tUm4BwekT455ujafi8payA==",
      "license": "MIT"
    },
    "node_modules/dompurify": {
      "version": "2.5.8",
      "resolved": "https://registry.npmjs.org/dompurify/-/dompurify-2.5.8.tgz",
      "integrity": "sha512-o1vSNgrmYMQObbSSvF/1brBYEQPHhV1+gsmrusO7/GXtp1T9rCS8cXFqVxK/9crT1jA6Ccv+5MTSjBNqr7Sovw==",
      "license": "(MPL-2.0 OR Apache-2.0)"
    },
    "node_modules/sceditor": {
      "version": "3.2.0",
      "resolved": "https://registry.npmjs.org/sceditor/-/sceditor-3.2.0.tgz",
      "integrity": "sha512-+gP7AcRQTku4Jq6iUn6UhucIHHZCFkSUXrPV/l+EOek4wiBjOuYmIKCDohPhJZKSwxRMpdR52xB3WlBakQR8kA==",
      "license": "MIT",
      "dependencies": {
        "dompurify": "^2.4.3"
      },
      "engines": {
        "node": ">= 0.10.0"
      }
    }
  }
}
